// !$*UTF8*$!
{
	archiveVersion = 1;
	classes = {
	};
	objectVersion = 46;
	objects = {

/* Begin PBXBuildFile section */
		433DC7F01C093398004E04F2 /* CERoundProgressLayer.m in Sources */ = {isa = PBXBuildFile; fileRef = 433DC7ED1C093398004E04F2 /* CERoundProgressLayer.m */; };
		433DC7F11C093398004E04F2 /* CERoundProgressView.m in Sources */ = {isa = PBXBuildFile; fileRef = 433DC7EF1C093398004E04F2 /* CERoundProgressView.m */; };
		437885B31BDF74830001706A /* main.m in Sources */ = {isa = PBXBuildFile; fileRef = 437885B21BDF74830001706A /* main.m */; };
		437885B61BDF74830001706A /* AppDelegate.m in Sources */ = {isa = PBXBuildFile; fileRef = 437885B51BDF74830001706A /* AppDelegate.m */; };
		437885BE1BDF74830001706A /* Assets.xcassets in Resources */ = {isa = PBXBuildFile; fileRef = 437885BD1BDF74830001706A /* Assets.xcassets */; };
		437885C11BDF74830001706A /* LaunchScreen.storyboard in Resources */ = {isa = PBXBuildFile; fileRef = 437885BF1BDF74830001706A /* LaunchScreen.storyboard */; };
		437885C91BDF74C40001706A /* iAd.framework in Frameworks */ = {isa = PBXBuildFile; fileRef = 437885C81BDF74C40001706A /* iAd.framework */; };
		43E9056D1BE0601600D3BE56 /* ConstantVariables.m in Sources */ = {isa = PBXBuildFile; fileRef = 43E9047C1BE0601500D3BE56 /* ConstantVariables.m */; };
		43E9056E1BE0601600D3BE56 /* ECContext.m in Sources */ = {isa = PBXBuildFile; fileRef = 43E9047F1BE0601500D3BE56 /* ECContext.m */; };
		43E905751BE0601600D3BE56 /* AppDelegateRouter.m in Sources */ = {isa = PBXBuildFile; fileRef = 43E904931BE0601500D3BE56 /* AppDelegateRouter.m */; };
		43E905761BE0601600D3BE56 /* InitializationManager.m in Sources */ = {isa = PBXBuildFile; fileRef = 43E904961BE0601500D3BE56 /* InitializationManager.m */; };
		43E9059D1BE0601600D3BE56 /* MainContentViewController.m in Sources */ = {isa = PBXBuildFile; fileRef = 43E904FA1BE0601600D3BE56 /* MainContentViewController.m */; };
		43E9059E1BE0601600D3BE56 /* MainContentViewController.xib in Resources */ = {isa = PBXBuildFile; fileRef = 43E904FB1BE0601600D3BE56 /* MainContentViewController.xib */; };
		43E9059F1BE0601600D3BE56 /* SplashViewController.m in Sources */ = {isa = PBXBuildFile; fileRef = 43E904FE1BE0601600D3BE56 /* SplashViewController.m */; };
		43E905A01BE0601600D3BE56 /* SplashViewController.xib in Resources */ = {isa = PBXBuildFile; fileRef = 43E904FF1BE0601600D3BE56 /* SplashViewController.xib */; };
		43E905A11BE0601600D3BE56 /* IconHorizontalTableViewCell.m in Sources */ = {isa = PBXBuildFile; fileRef = 43E905031BE0601600D3BE56 /* IconHorizontalTableViewCell.m */; };
		43E905A21BE0601600D3BE56 /* IconHorizontalTableViewCell.xib in Resources */ = {isa = PBXBuildFile; fileRef = 43E905041BE0601600D3BE56 /* IconHorizontalTableViewCell.xib */; };
		43E905A31BE0601600D3BE56 /* SimpleHorizontalTableViewCell.m in Sources */ = {isa = PBXBuildFile; fileRef = 43E905071BE0601600D3BE56 /* SimpleHorizontalTableViewCell.m */; };
		43E905A41BE0601600D3BE56 /* SimpleHorizontalTableViewCell.xib in Resources */ = {isa = PBXBuildFile; fileRef = 43E905081BE0601600D3BE56 /* SimpleHorizontalTableViewCell.xib */; };
		43E905A51BE0601600D3BE56 /* SwitchTableViewCell.m in Sources */ = {isa = PBXBuildFile; fileRef = 43E9050B1BE0601600D3BE56 /* SwitchTableViewCell.m */; };
		43E905A61BE0601600D3BE56 /* SwitchTableViewCell.xib in Resources */ = {isa = PBXBuildFile; fileRef = 43E9050C1BE0601600D3BE56 /* SwitchTableViewCell.xib */; };
		43E905A71BE0601600D3BE56 /* TextFieldWithButtonTableViewCell.m in Sources */ = {isa = PBXBuildFile; fileRef = 43E9050F1BE0601600D3BE56 /* TextFieldWithButtonTableViewCell.m */; };
		43E905A81BE0601600D3BE56 /* TextFieldWithButtonTableViewCell.xib in Resources */ = {isa = PBXBuildFile; fileRef = 43E905101BE0601600D3BE56 /* TextFieldWithButtonTableViewCell.xib */; };
		43E905A91BE0601600D3BE56 /* TextFieldWithTipTableViewCell.m in Sources */ = {isa = PBXBuildFile; fileRef = 43E905131BE0601600D3BE56 /* TextFieldWithTipTableViewCell.m */; };
		43E905AA1BE0601600D3BE56 /* TextFieldWithTipTableViewCell.xib in Resources */ = {isa = PBXBuildFile; fileRef = 43E905141BE0601600D3BE56 /* TextFieldWithTipTableViewCell.xib */; };
		43E905BB1BE0601600D3BE56 /* BasicUtility+BarButtonItem.m in Sources */ = {isa = PBXBuildFile; fileRef = 43E905411BE0601600D3BE56 /* BasicUtility+BarButtonItem.m */; };
		43E905BC1BE0601600D3BE56 /* BasicUtility+ECUtility.m in Sources */ = {isa = PBXBuildFile; fileRef = 43E905431BE0601600D3BE56 /* BasicUtility+ECUtility.m */; };
		43E905BD1BE0601600D3BE56 /* BasicUtility+TableView.m in Sources */ = {isa = PBXBuildFile; fileRef = 43E905451BE0601600D3BE56 /* BasicUtility+TableView.m */; };
		43E905BE1BE0601600D3BE56 /* BasicUtility.m in Sources */ = {isa = PBXBuildFile; fileRef = 43E905471BE0601600D3BE56 /* BasicUtility.m */; };
		43E905BF1BE0601600D3BE56 /* NSMutableAttributedString+ST.m in Sources */ = {isa = PBXBuildFile; fileRef = 43E9054A1BE0601600D3BE56 /* NSMutableAttributedString+ST.m */; };
		43E905C01BE0601600D3BE56 /* NSObject+ST.m in Sources */ = {isa = PBXBuildFile; fileRef = 43E9054C1BE0601600D3BE56 /* NSObject+ST.m */; };
		43E905C11BE0601600D3BE56 /* UIColor+ST.m in Sources */ = {isa = PBXBuildFile; fileRef = 43E9054E1BE0601600D3BE56 /* UIColor+ST.m */; };
		43E905C21BE0601600D3BE56 /* UITableViewCell+ST.m in Sources */ = {isa = PBXBuildFile; fileRef = 43E905501BE0601600D3BE56 /* UITableViewCell+ST.m */; };
		43E905C31BE0601600D3BE56 /* UIView+ST.m in Sources */ = {isa = PBXBuildFile; fileRef = 43E905521BE0601600D3BE56 /* UIView+ST.m */; };
		43E905C41BE0601600D3BE56 /* LoadingSplashView.m in Sources */ = {isa = PBXBuildFile; fileRef = 43E905561BE0601600D3BE56 /* LoadingSplashView.m */; };
		43E905C51BE0601600D3BE56 /* LoadingSplashView.xib in Resources */ = {isa = PBXBuildFile; fileRef = 43E905571BE0601600D3BE56 /* LoadingSplashView.xib */; };
		43E905C61BE0601600D3BE56 /* NoneDataView.m in Sources */ = {isa = PBXBuildFile; fileRef = 43E9055A1BE0601600D3BE56 /* NoneDataView.m */; };
		43E905C71BE0601600D3BE56 /* NoneDataView.xib in Resources */ = {isa = PBXBuildFile; fileRef = 43E9055B1BE0601600D3BE56 /* NoneDataView.xib */; };
		43E905C81BE0601600D3BE56 /* SplashFailedView.m in Sources */ = {isa = PBXBuildFile; fileRef = 43E9055E1BE0601600D3BE56 /* SplashFailedView.m */; };
		43E905C91BE0601600D3BE56 /* SplashFailedView.xib in Resources */ = {isa = PBXBuildFile; fileRef = 43E9055F1BE0601600D3BE56 /* SplashFailedView.xib */; };
		43E905CA1BE0601600D3BE56 /* SplashViewErrorFactory.m in Sources */ = {isa = PBXBuildFile; fileRef = 43E905611BE0601600D3BE56 /* SplashViewErrorFactory.m */; };
		43E905CB1BE0601600D3BE56 /* UIViewController+SplashView.m in Sources */ = {isa = PBXBuildFile; fileRef = 43E905631BE0601600D3BE56 /* UIViewController+SplashView.m */; };
		43E905CC1BE0601600D3BE56 /* CryptHelper.cpp in Sources */ = {isa = PBXBuildFile; fileRef = 43E905651BE0601600D3BE56 /* CryptHelper.cpp */; };
		43E905CD1BE0601600D3BE56 /* TNCryptor.mm in Sources */ = {isa = PBXBuildFile; fileRef = 43E905681BE0601600D3BE56 /* TNCryptor.mm */; };
		43E905CE1BE0601600D3BE56 /* PersistentHelper.m in Sources */ = {isa = PBXBuildFile; fileRef = 43E9056B1BE0601600D3BE56 /* PersistentHelper.m */; };
		43E905F21BE0625E00D3BE56 /* JSONKit.m in Sources */ = {isa = PBXBuildFile; fileRef = 43E905D41BE0625E00D3BE56 /* JSONKit.m */; settings = {COMPILER_FLAGS = "-fno-objc-arc"; }; };
		43E905F41BE0625E00D3BE56 /* MJRefresh.bundle in Resources */ = {isa = PBXBuildFile; fileRef = 43E905D91BE0625E00D3BE56 /* MJRefresh.bundle */; };
		43E905F51BE0625E00D3BE56 /* MJRefreshComponent.m in Sources */ = {isa = PBXBuildFile; fileRef = 43E905DC1BE0625E00D3BE56 /* MJRefreshComponent.m */; };
		43E905F61BE0625E00D3BE56 /* MJRefreshConst.m in Sources */ = {isa = PBXBuildFile; fileRef = 43E905DE1BE0625E00D3BE56 /* MJRefreshConst.m */; };
		43E905F71BE0625E00D3BE56 /* MJRefreshFooter.m in Sources */ = {isa = PBXBuildFile; fileRef = 43E905E01BE0625E00D3BE56 /* MJRefreshFooter.m */; };
		43E905F81BE0625E00D3BE56 /* MJRefreshGifFooter.m in Sources */ = {isa = PBXBuildFile; fileRef = 43E905E21BE0625E00D3BE56 /* MJRefreshGifFooter.m */; };
		43E905F91BE0625E00D3BE56 /* MJRefreshGifHeader.m in Sources */ = {isa = PBXBuildFile; fileRef = 43E905E41BE0625E00D3BE56 /* MJRefreshGifHeader.m */; };
		43E905FA1BE0625E00D3BE56 /* MJRefreshHeader.m in Sources */ = {isa = PBXBuildFile; fileRef = 43E905E61BE0625E00D3BE56 /* MJRefreshHeader.m */; };
		43E905FB1BE0625E00D3BE56 /* MJRefreshLegendFooter.m in Sources */ = {isa = PBXBuildFile; fileRef = 43E905E81BE0625E00D3BE56 /* MJRefreshLegendFooter.m */; };
		43E905FC1BE0625E00D3BE56 /* MJRefreshLegendHeader.m in Sources */ = {isa = PBXBuildFile; fileRef = 43E905EA1BE0625E00D3BE56 /* MJRefreshLegendHeader.m */; };
		43E905FD1BE0625E00D3BE56 /* UIScrollView+MJExtension.m in Sources */ = {isa = PBXBuildFile; fileRef = 43E905EC1BE0625E00D3BE56 /* UIScrollView+MJExtension.m */; };
		43E905FE1BE0625E00D3BE56 /* UIScrollView+MJRefresh.m in Sources */ = {isa = PBXBuildFile; fileRef = 43E905EE1BE0625E00D3BE56 /* UIScrollView+MJRefresh.m */; };
		43E905FF1BE0625E00D3BE56 /* UIView+MJExtension.m in Sources */ = {isa = PBXBuildFile; fileRef = 43E905F01BE0625E00D3BE56 /* UIView+MJExtension.m */; };
		43E906021BE0703500D3BE56 /* Localizable.strings in Resources */ = {isa = PBXBuildFile; fileRef = 43E906001BE0703500D3BE56 /* Localizable.strings */; };
		43E906061BE0789400D3BE56 /* TimeLineView.m in Sources */ = {isa = PBXBuildFile; fileRef = 43E906051BE0789400D3BE56 /* TimeLineView.m */; };
		43E906081BE0789D00D3BE56 /* TimeLineView.xib in Resources */ = {isa = PBXBuildFile; fileRef = 43E906071BE0789D00D3BE56 /* TimeLineView.xib */; };
		43E9060F1BE0B2CE00D3BE56 /* SystemSettingViewController.m in Sources */ = {isa = PBXBuildFile; fileRef = 43E9060D1BE0B2CE00D3BE56 /* SystemSettingViewController.m */; };
		43E906101BE0B2CE00D3BE56 /* SystemSettingViewController.xib in Resources */ = {isa = PBXBuildFile; fileRef = 43E9060E1BE0B2CE00D3BE56 /* SystemSettingViewController.xib */; };
		43E906141BE0C0D700D3BE56 /* beep1.mp3 in Resources */ = {isa = PBXBuildFile; fileRef = 43E906121BE0C0D700D3BE56 /* beep1.mp3 */; };
		43E906151BE0C0D700D3BE56 /* beep2.mp3 in Resources */ = {isa = PBXBuildFile; fileRef = 43E906131BE0C0D700D3BE56 /* beep2.mp3 */; };
		43F438CA1BF5966800C71891 /* GoogleMobileAds.framework in Frameworks */ = {isa = PBXBuildFile; fileRef = 43F438C31BF5966800C71891 /* GoogleMobileAds.framework */; };
		E03DECEC49DCFC318F1F987E /* libPods.a in Frameworks */ = {isa = PBXBuildFile; fileRef = 48FA01306EB5047D6B5E9DB0 /* libPods.a */; };
/* End PBXBuildFile section */

/* Begin PBXFileReference section */
		433DC7EC1C093398004E04F2 /* CERoundProgressLayer.h */ = {isa = PBXFileReference; fileEncoding = 4; lastKnownFileType = sourcecode.c.h; path = CERoundProgressLayer.h; sourceTree = "<group>"; };
		433DC7ED1C093398004E04F2 /* CERoundProgressLayer.m */ = {isa = PBXFileReference; fileEncoding = 4; lastKnownFileType = sourcecode.c.objc; path = CERoundProgressLayer.m; sourceTree = "<group>"; };
		433DC7EE1C093398004E04F2 /* CERoundProgressView.h */ = {isa = PBXFileReference; fileEncoding = 4; lastKnownFileType = sourcecode.c.h; path = CERoundProgressView.h; sourceTree = "<group>"; };
		433DC7EF1C093398004E04F2 /* CERoundProgressView.m */ = {isa = PBXFileReference; fileEncoding = 4; lastKnownFileType = sourcecode.c.objc; path = CERoundProgressView.m; sourceTree = "<group>"; };
		437885AE1BDF74830001706A /* PlankTimer.app */ = {isa = PBXFileReference; explicitFileType = wrapper.application; includeInIndex = 0; path = PlankTimer.app; sourceTree = BUILT_PRODUCTS_DIR; };
		437885B21BDF74830001706A /* main.m */ = {isa = PBXFileReference; lastKnownFileType = sourcecode.c.objc; path = main.m; sourceTree = "<group>"; };
		437885B41BDF74830001706A /* AppDelegate.h */ = {isa = PBXFileReference; lastKnownFileType = sourcecode.c.h; path = AppDelegate.h; sourceTree = "<group>"; };
		437885B51BDF74830001706A /* AppDelegate.m */ = {isa = PBXFileReference; lastKnownFileType = sourcecode.c.objc; path = AppDelegate.m; sourceTree = "<group>"; };
		437885BD1BDF74830001706A /* Assets.xcassets */ = {isa = PBXFileReference; lastKnownFileType = folder.assetcatalog; path = Assets.xcassets; sourceTree = "<group>"; };
		437885C01BDF74830001706A /* Base */ = {isa = PBXFileReference; lastKnownFileType = file.storyboard; name = Base; path = Base.lproj/LaunchScreen.storyboard; sourceTree = "<group>"; };
		437885C21BDF74830001706A /* Info.plist */ = {isa = PBXFileReference; lastKnownFileType = text.plist.xml; path = Info.plist; sourceTree = "<group>"; };
		437885C81BDF74C40001706A /* iAd.framework */ = {isa = PBXFileReference; lastKnownFileType = wrapper.framework; name = iAd.framework; path = System/Library/Frameworks/iAd.framework; sourceTree = SDKROOT; };
		43E9047B1BE0601500D3BE56 /* ConstantVariables.h */ = {isa = PBXFileReference; fileEncoding = 4; lastKnownFileType = sourcecode.c.h; path = ConstantVariables.h; sourceTree = "<group>"; };
		43E9047C1BE0601500D3BE56 /* ConstantVariables.m */ = {isa = PBXFileReference; fileEncoding = 4; lastKnownFileType = sourcecode.c.objc; path = ConstantVariables.m; sourceTree = "<group>"; };
		43E9047E1BE0601500D3BE56 /* ECContext.h */ = {isa = PBXFileReference; fileEncoding = 4; lastKnownFileType = sourcecode.c.h; path = ECContext.h; sourceTree = "<group>"; };
		43E9047F1BE0601500D3BE56 /* ECContext.m */ = {isa = PBXFileReference; fileEncoding = 4; lastKnownFileType = sourcecode.c.objc; path = ECContext.m; sourceTree = "<group>"; };
		43E904921BE0601500D3BE56 /* AppDelegateRouter.h */ = {isa = PBXFileReference; fileEncoding = 4; lastKnownFileType = sourcecode.c.h; path = AppDelegateRouter.h; sourceTree = "<group>"; };
		43E904931BE0601500D3BE56 /* AppDelegateRouter.m */ = {isa = PBXFileReference; fileEncoding = 4; lastKnownFileType = sourcecode.c.objc; path = AppDelegateRouter.m; sourceTree = "<group>"; };
		43E904951BE0601500D3BE56 /* InitializationManager.h */ = {isa = PBXFileReference; fileEncoding = 4; lastKnownFileType = sourcecode.c.h; path = InitializationManager.h; sourceTree = "<group>"; };
		43E904961BE0601500D3BE56 /* InitializationManager.m */ = {isa = PBXFileReference; fileEncoding = 4; lastKnownFileType = sourcecode.c.objc; path = InitializationManager.m; sourceTree = "<group>"; };
		43E904F91BE0601600D3BE56 /* MainContentViewController.h */ = {isa = PBXFileReference; fileEncoding = 4; lastKnownFileType = sourcecode.c.h; path = MainContentViewController.h; sourceTree = "<group>"; };
		43E904FA1BE0601600D3BE56 /* MainContentViewController.m */ = {isa = PBXFileReference; fileEncoding = 4; lastKnownFileType = sourcecode.c.objc; path = MainContentViewController.m; sourceTree = "<group>"; };
		43E904FB1BE0601600D3BE56 /* MainContentViewController.xib */ = {isa = PBXFileReference; fileEncoding = 4; lastKnownFileType = file.xib; path = MainContentViewController.xib; sourceTree = "<group>"; };
		43E904FD1BE0601600D3BE56 /* SplashViewController.h */ = {isa = PBXFileReference; fileEncoding = 4; lastKnownFileType = sourcecode.c.h; path = SplashViewController.h; sourceTree = "<group>"; };
		43E904FE1BE0601600D3BE56 /* SplashViewController.m */ = {isa = PBXFileReference; fileEncoding = 4; lastKnownFileType = sourcecode.c.objc; path = SplashViewController.m; sourceTree = "<group>"; };
		43E904FF1BE0601600D3BE56 /* SplashViewController.xib */ = {isa = PBXFileReference; fileEncoding = 4; lastKnownFileType = file.xib; path = SplashViewController.xib; sourceTree = "<group>"; };
		43E905021BE0601600D3BE56 /* IconHorizontalTableViewCell.h */ = {isa = PBXFileReference; fileEncoding = 4; lastKnownFileType = sourcecode.c.h; path = IconHorizontalTableViewCell.h; sourceTree = "<group>"; };
		43E905031BE0601600D3BE56 /* IconHorizontalTableViewCell.m */ = {isa = PBXFileReference; fileEncoding = 4; lastKnownFileType = sourcecode.c.objc; path = IconHorizontalTableViewCell.m; sourceTree = "<group>"; };
		43E905041BE0601600D3BE56 /* IconHorizontalTableViewCell.xib */ = {isa = PBXFileReference; fileEncoding = 4; lastKnownFileType = file.xib; path = IconHorizontalTableViewCell.xib; sourceTree = "<group>"; };
		43E905061BE0601600D3BE56 /* SimpleHorizontalTableViewCell.h */ = {isa = PBXFileReference; fileEncoding = 4; lastKnownFileType = sourcecode.c.h; path = SimpleHorizontalTableViewCell.h; sourceTree = "<group>"; };
		43E905071BE0601600D3BE56 /* SimpleHorizontalTableViewCell.m */ = {isa = PBXFileReference; fileEncoding = 4; lastKnownFileType = sourcecode.c.objc; path = SimpleHorizontalTableViewCell.m; sourceTree = "<group>"; };
		43E905081BE0601600D3BE56 /* SimpleHorizontalTableViewCell.xib */ = {isa = PBXFileReference; fileEncoding = 4; lastKnownFileType = file.xib; path = SimpleHorizontalTableViewCell.xib; sourceTree = "<group>"; };
		43E9050A1BE0601600D3BE56 /* SwitchTableViewCell.h */ = {isa = PBXFileReference; fileEncoding = 4; lastKnownFileType = sourcecode.c.h; path = SwitchTableViewCell.h; sourceTree = "<group>"; };
		43E9050B1BE0601600D3BE56 /* SwitchTableViewCell.m */ = {isa = PBXFileReference; fileEncoding = 4; lastKnownFileType = sourcecode.c.objc; path = SwitchTableViewCell.m; sourceTree = "<group>"; };
		43E9050C1BE0601600D3BE56 /* SwitchTableViewCell.xib */ = {isa = PBXFileReference; fileEncoding = 4; lastKnownFileType = file.xib; path = SwitchTableViewCell.xib; sourceTree = "<group>"; };
		43E9050E1BE0601600D3BE56 /* TextFieldWithButtonTableViewCell.h */ = {isa = PBXFileReference; fileEncoding = 4; lastKnownFileType = sourcecode.c.h; path = TextFieldWithButtonTableViewCell.h; sourceTree = "<group>"; };
		43E9050F1BE0601600D3BE56 /* TextFieldWithButtonTableViewCell.m */ = {isa = PBXFileReference; fileEncoding = 4; lastKnownFileType = sourcecode.c.objc; path = TextFieldWithButtonTableViewCell.m; sourceTree = "<group>"; };
		43E905101BE0601600D3BE56 /* TextFieldWithButtonTableViewCell.xib */ = {isa = PBXFileReference; fileEncoding = 4; lastKnownFileType = file.xib; path = TextFieldWithButtonTableViewCell.xib; sourceTree = "<group>"; };
		43E905121BE0601600D3BE56 /* TextFieldWithTipTableViewCell.h */ = {isa = PBXFileReference; fileEncoding = 4; lastKnownFileType = sourcecode.c.h; path = TextFieldWithTipTableViewCell.h; sourceTree = "<group>"; };
		43E905131BE0601600D3BE56 /* TextFieldWithTipTableViewCell.m */ = {isa = PBXFileReference; fileEncoding = 4; lastKnownFileType = sourcecode.c.objc; path = TextFieldWithTipTableViewCell.m; sourceTree = "<group>"; };
		43E905141BE0601600D3BE56 /* TextFieldWithTipTableViewCell.xib */ = {isa = PBXFileReference; fileEncoding = 4; lastKnownFileType = file.xib; path = TextFieldWithTipTableViewCell.xib; sourceTree = "<group>"; };
		43E905401BE0601600D3BE56 /* BasicUtility+BarButtonItem.h */ = {isa = PBXFileReference; fileEncoding = 4; lastKnownFileType = sourcecode.c.h; path = "BasicUtility+BarButtonItem.h"; sourceTree = "<group>"; };
		43E905411BE0601600D3BE56 /* BasicUtility+BarButtonItem.m */ = {isa = PBXFileReference; fileEncoding = 4; lastKnownFileType = sourcecode.c.objc; path = "BasicUtility+BarButtonItem.m"; sourceTree = "<group>"; };
		43E905421BE0601600D3BE56 /* BasicUtility+ECUtility.h */ = {isa = PBXFileReference; fileEncoding = 4; lastKnownFileType = sourcecode.c.h; path = "BasicUtility+ECUtility.h"; sourceTree = "<group>"; };
		43E905431BE0601600D3BE56 /* BasicUtility+ECUtility.m */ = {isa = PBXFileReference; fileEncoding = 4; lastKnownFileType = sourcecode.c.objc; path = "BasicUtility+ECUtility.m"; sourceTree = "<group>"; };
		43E905441BE0601600D3BE56 /* BasicUtility+TableView.h */ = {isa = PBXFileReference; fileEncoding = 4; lastKnownFileType = sourcecode.c.h; path = "BasicUtility+TableView.h"; sourceTree = "<group>"; };
		43E905451BE0601600D3BE56 /* BasicUtility+TableView.m */ = {isa = PBXFileReference; fileEncoding = 4; lastKnownFileType = sourcecode.c.objc; path = "BasicUtility+TableView.m"; sourceTree = "<group>"; };
		43E905461BE0601600D3BE56 /* BasicUtility.h */ = {isa = PBXFileReference; fileEncoding = 4; lastKnownFileType = sourcecode.c.h; path = BasicUtility.h; sourceTree = "<group>"; };
		43E905471BE0601600D3BE56 /* BasicUtility.m */ = {isa = PBXFileReference; fileEncoding = 4; lastKnownFileType = sourcecode.c.objc; path = BasicUtility.m; sourceTree = "<group>"; };
		43E905491BE0601600D3BE56 /* NSMutableAttributedString+ST.h */ = {isa = PBXFileReference; fileEncoding = 4; lastKnownFileType = sourcecode.c.h; path = "NSMutableAttributedString+ST.h"; sourceTree = "<group>"; };
		43E9054A1BE0601600D3BE56 /* NSMutableAttributedString+ST.m */ = {isa = PBXFileReference; fileEncoding = 4; lastKnownFileType = sourcecode.c.objc; path = "NSMutableAttributedString+ST.m"; sourceTree = "<group>"; };
		43E9054B1BE0601600D3BE56 /* NSObject+ST.h */ = {isa = PBXFileReference; fileEncoding = 4; lastKnownFileType = sourcecode.c.h; path = "NSObject+ST.h"; sourceTree = "<group>"; };
		43E9054C1BE0601600D3BE56 /* NSObject+ST.m */ = {isa = PBXFileReference; fileEncoding = 4; lastKnownFileType = sourcecode.c.objc; path = "NSObject+ST.m"; sourceTree = "<group>"; };
		43E9054D1BE0601600D3BE56 /* UIColor+ST.h */ = {isa = PBXFileReference; fileEncoding = 4; lastKnownFileType = sourcecode.c.h; path = "UIColor+ST.h"; sourceTree = "<group>"; };
		43E9054E1BE0601600D3BE56 /* UIColor+ST.m */ = {isa = PBXFileReference; fileEncoding = 4; lastKnownFileType = sourcecode.c.objc; path = "UIColor+ST.m"; sourceTree = "<group>"; };
		43E9054F1BE0601600D3BE56 /* UITableViewCell+ST.h */ = {isa = PBXFileReference; fileEncoding = 4; lastKnownFileType = sourcecode.c.h; path = "UITableViewCell+ST.h"; sourceTree = "<group>"; };
		43E905501BE0601600D3BE56 /* UITableViewCell+ST.m */ = {isa = PBXFileReference; fileEncoding = 4; lastKnownFileType = sourcecode.c.objc; path = "UITableViewCell+ST.m"; sourceTree = "<group>"; };
		43E905511BE0601600D3BE56 /* UIView+ST.h */ = {isa = PBXFileReference; fileEncoding = 4; lastKnownFileType = sourcecode.c.h; path = "UIView+ST.h"; sourceTree = "<group>"; };
		43E905521BE0601600D3BE56 /* UIView+ST.m */ = {isa = PBXFileReference; fileEncoding = 4; lastKnownFileType = sourcecode.c.objc; path = "UIView+ST.m"; sourceTree = "<group>"; };
		43E905551BE0601600D3BE56 /* LoadingSplashView.h */ = {isa = PBXFileReference; fileEncoding = 4; lastKnownFileType = sourcecode.c.h; path = LoadingSplashView.h; sourceTree = "<group>"; };
		43E905561BE0601600D3BE56 /* LoadingSplashView.m */ = {isa = PBXFileReference; fileEncoding = 4; lastKnownFileType = sourcecode.c.objc; path = LoadingSplashView.m; sourceTree = "<group>"; };
		43E905571BE0601600D3BE56 /* LoadingSplashView.xib */ = {isa = PBXFileReference; fileEncoding = 4; lastKnownFileType = file.xib; path = LoadingSplashView.xib; sourceTree = "<group>"; };
		43E905591BE0601600D3BE56 /* NoneDataView.h */ = {isa = PBXFileReference; fileEncoding = 4; lastKnownFileType = sourcecode.c.h; path = NoneDataView.h; sourceTree = "<group>"; };
		43E9055A1BE0601600D3BE56 /* NoneDataView.m */ = {isa = PBXFileReference; fileEncoding = 4; lastKnownFileType = sourcecode.c.objc; path = NoneDataView.m; sourceTree = "<group>"; };
		43E9055B1BE0601600D3BE56 /* NoneDataView.xib */ = {isa = PBXFileReference; fileEncoding = 4; lastKnownFileType = file.xib; path = NoneDataView.xib; sourceTree = "<group>"; };
		43E9055D1BE0601600D3BE56 /* SplashFailedView.h */ = {isa = PBXFileReference; fileEncoding = 4; lastKnownFileType = sourcecode.c.h; path = SplashFailedView.h; sourceTree = "<group>"; };
		43E9055E1BE0601600D3BE56 /* SplashFailedView.m */ = {isa = PBXFileReference; fileEncoding = 4; lastKnownFileType = sourcecode.c.objc; path = SplashFailedView.m; sourceTree = "<group>"; };
		43E9055F1BE0601600D3BE56 /* SplashFailedView.xib */ = {isa = PBXFileReference; fileEncoding = 4; lastKnownFileType = file.xib; path = SplashFailedView.xib; sourceTree = "<group>"; };
		43E905601BE0601600D3BE56 /* SplashViewErrorFactory.h */ = {isa = PBXFileReference; fileEncoding = 4; lastKnownFileType = sourcecode.c.h; path = SplashViewErrorFactory.h; sourceTree = "<group>"; };
		43E905611BE0601600D3BE56 /* SplashViewErrorFactory.m */ = {isa = PBXFileReference; fileEncoding = 4; lastKnownFileType = sourcecode.c.objc; path = SplashViewErrorFactory.m; sourceTree = "<group>"; };
		43E905621BE0601600D3BE56 /* UIViewController+SplashView.h */ = {isa = PBXFileReference; fileEncoding = 4; lastKnownFileType = sourcecode.c.h; path = "UIViewController+SplashView.h"; sourceTree = "<group>"; };
		43E905631BE0601600D3BE56 /* UIViewController+SplashView.m */ = {isa = PBXFileReference; fileEncoding = 4; lastKnownFileType = sourcecode.c.objc; path = "UIViewController+SplashView.m"; sourceTree = "<group>"; };
		43E905651BE0601600D3BE56 /* CryptHelper.cpp */ = {isa = PBXFileReference; fileEncoding = 4; lastKnownFileType = sourcecode.cpp.cpp; path = CryptHelper.cpp; sourceTree = "<group>"; };
		43E905661BE0601600D3BE56 /* CryptHelper.h */ = {isa = PBXFileReference; fileEncoding = 4; lastKnownFileType = sourcecode.c.h; path = CryptHelper.h; sourceTree = "<group>"; };
		43E905671BE0601600D3BE56 /* TNCryptor.h */ = {isa = PBXFileReference; fileEncoding = 4; lastKnownFileType = sourcecode.c.h; path = TNCryptor.h; sourceTree = "<group>"; };
		43E905681BE0601600D3BE56 /* TNCryptor.mm */ = {isa = PBXFileReference; fileEncoding = 4; lastKnownFileType = sourcecode.cpp.objcpp; path = TNCryptor.mm; sourceTree = "<group>"; };
		43E9056A1BE0601600D3BE56 /* PersistentHelper.h */ = {isa = PBXFileReference; fileEncoding = 4; lastKnownFileType = sourcecode.c.h; path = PersistentHelper.h; sourceTree = "<group>"; };
		43E9056B1BE0601600D3BE56 /* PersistentHelper.m */ = {isa = PBXFileReference; fileEncoding = 4; lastKnownFileType = sourcecode.c.objc; path = PersistentHelper.m; sourceTree = "<group>"; };
		43E9056C1BE0601600D3BE56 /* STUtilities.h */ = {isa = PBXFileReference; fileEncoding = 4; lastKnownFileType = sourcecode.c.h; path = STUtilities.h; sourceTree = "<group>"; };
		43E905D31BE0625E00D3BE56 /* JSONKit.h */ = {isa = PBXFileReference; fileEncoding = 4; lastKnownFileType = sourcecode.c.h; path = JSONKit.h; sourceTree = "<group>"; };
		43E905D41BE0625E00D3BE56 /* JSONKit.m */ = {isa = PBXFileReference; fileEncoding = 4; lastKnownFileType = sourcecode.c.objc; path = JSONKit.m; sourceTree = "<group>"; };
		43E905D91BE0625E00D3BE56 /* MJRefresh.bundle */ = {isa = PBXFileReference; lastKnownFileType = "wrapper.plug-in"; path = MJRefresh.bundle; sourceTree = "<group>"; };
		43E905DA1BE0625E00D3BE56 /* MJRefresh.h */ = {isa = PBXFileReference; fileEncoding = 4; lastKnownFileType = sourcecode.c.h; path = MJRefresh.h; sourceTree = "<group>"; };
		43E905DB1BE0625E00D3BE56 /* MJRefreshComponent.h */ = {isa = PBXFileReference; fileEncoding = 4; lastKnownFileType = sourcecode.c.h; path = MJRefreshComponent.h; sourceTree = "<group>"; };
		43E905DC1BE0625E00D3BE56 /* MJRefreshComponent.m */ = {isa = PBXFileReference; fileEncoding = 4; lastKnownFileType = sourcecode.c.objc; path = MJRefreshComponent.m; sourceTree = "<group>"; };
		43E905DD1BE0625E00D3BE56 /* MJRefreshConst.h */ = {isa = PBXFileReference; fileEncoding = 4; lastKnownFileType = sourcecode.c.h; path = MJRefreshConst.h; sourceTree = "<group>"; };
		43E905DE1BE0625E00D3BE56 /* MJRefreshConst.m */ = {isa = PBXFileReference; fileEncoding = 4; lastKnownFileType = sourcecode.c.objc; path = MJRefreshConst.m; sourceTree = "<group>"; };
		43E905DF1BE0625E00D3BE56 /* MJRefreshFooter.h */ = {isa = PBXFileReference; fileEncoding = 4; lastKnownFileType = sourcecode.c.h; path = MJRefreshFooter.h; sourceTree = "<group>"; };
		43E905E01BE0625E00D3BE56 /* MJRefreshFooter.m */ = {isa = PBXFileReference; fileEncoding = 4; lastKnownFileType = sourcecode.c.objc; path = MJRefreshFooter.m; sourceTree = "<group>"; };
		43E905E11BE0625E00D3BE56 /* MJRefreshGifFooter.h */ = {isa = PBXFileReference; fileEncoding = 4; lastKnownFileType = sourcecode.c.h; path = MJRefreshGifFooter.h; sourceTree = "<group>"; };
		43E905E21BE0625E00D3BE56 /* MJRefreshGifFooter.m */ = {isa = PBXFileReference; fileEncoding = 4; lastKnownFileType = sourcecode.c.objc; path = MJRefreshGifFooter.m; sourceTree = "<group>"; };
		43E905E31BE0625E00D3BE56 /* MJRefreshGifHeader.h */ = {isa = PBXFileReference; fileEncoding = 4; lastKnownFileType = sourcecode.c.h; path = MJRefreshGifHeader.h; sourceTree = "<group>"; };
		43E905E41BE0625E00D3BE56 /* MJRefreshGifHeader.m */ = {isa = PBXFileReference; fileEncoding = 4; lastKnownFileType = sourcecode.c.objc; path = MJRefreshGifHeader.m; sourceTree = "<group>"; };
		43E905E51BE0625E00D3BE56 /* MJRefreshHeader.h */ = {isa = PBXFileReference; fileEncoding = 4; lastKnownFileType = sourcecode.c.h; path = MJRefreshHeader.h; sourceTree = "<group>"; };
		43E905E61BE0625E00D3BE56 /* MJRefreshHeader.m */ = {isa = PBXFileReference; fileEncoding = 4; lastKnownFileType = sourcecode.c.objc; path = MJRefreshHeader.m; sourceTree = "<group>"; };
		43E905E71BE0625E00D3BE56 /* MJRefreshLegendFooter.h */ = {isa = PBXFileReference; fileEncoding = 4; lastKnownFileType = sourcecode.c.h; path = MJRefreshLegendFooter.h; sourceTree = "<group>"; };
		43E905E81BE0625E00D3BE56 /* MJRefreshLegendFooter.m */ = {isa = PBXFileReference; fileEncoding = 4; lastKnownFileType = sourcecode.c.objc; path = MJRefreshLegendFooter.m; sourceTree = "<group>"; };
		43E905E91BE0625E00D3BE56 /* MJRefreshLegendHeader.h */ = {isa = PBXFileReference; fileEncoding = 4; lastKnownFileType = sourcecode.c.h; path = MJRefreshLegendHeader.h; sourceTree = "<group>"; };
		43E905EA1BE0625E00D3BE56 /* MJRefreshLegendHeader.m */ = {isa = PBXFileReference; fileEncoding = 4; lastKnownFileType = sourcecode.c.objc; path = MJRefreshLegendHeader.m; sourceTree = "<group>"; };
		43E905EB1BE0625E00D3BE56 /* UIScrollView+MJExtension.h */ = {isa = PBXFileReference; fileEncoding = 4; lastKnownFileType = sourcecode.c.h; path = "UIScrollView+MJExtension.h"; sourceTree = "<group>"; };
		43E905EC1BE0625E00D3BE56 /* UIScrollView+MJExtension.m */ = {isa = PBXFileReference; fileEncoding = 4; lastKnownFileType = sourcecode.c.objc; path = "UIScrollView+MJExtension.m"; sourceTree = "<group>"; };
		43E905ED1BE0625E00D3BE56 /* UIScrollView+MJRefresh.h */ = {isa = PBXFileReference; fileEncoding = 4; lastKnownFileType = sourcecode.c.h; path = "UIScrollView+MJRefresh.h"; sourceTree = "<group>"; };
		43E905EE1BE0625E00D3BE56 /* UIScrollView+MJRefresh.m */ = {isa = PBXFileReference; fileEncoding = 4; lastKnownFileType = sourcecode.c.objc; path = "UIScrollView+MJRefresh.m"; sourceTree = "<group>"; };
		43E905EF1BE0625E00D3BE56 /* UIView+MJExtension.h */ = {isa = PBXFileReference; fileEncoding = 4; lastKnownFileType = sourcecode.c.h; path = "UIView+MJExtension.h"; sourceTree = "<group>"; };
		43E905F01BE0625E00D3BE56 /* UIView+MJExtension.m */ = {isa = PBXFileReference; fileEncoding = 4; lastKnownFileType = sourcecode.c.objc; path = "UIView+MJExtension.m"; sourceTree = "<group>"; };
		43E906011BE0703500D3BE56 /* Base */ = {isa = PBXFileReference; lastKnownFileType = text.plist.strings; name = Base; path = Base.lproj/Localizable.strings; sourceTree = "<group>"; };
		43E906041BE0789400D3BE56 /* TimeLineView.h */ = {isa = PBXFileReference; fileEncoding = 4; lastKnownFileType = sourcecode.c.h; path = TimeLineView.h; sourceTree = "<group>"; };
		43E906051BE0789400D3BE56 /* TimeLineView.m */ = {isa = PBXFileReference; fileEncoding = 4; lastKnownFileType = sourcecode.c.objc; path = TimeLineView.m; sourceTree = "<group>"; };
		43E906071BE0789D00D3BE56 /* TimeLineView.xib */ = {isa = PBXFileReference; fileEncoding = 4; lastKnownFileType = file.xib; path = TimeLineView.xib; sourceTree = "<group>"; };
		43E9060C1BE0B2CE00D3BE56 /* SystemSettingViewController.h */ = {isa = PBXFileReference; fileEncoding = 4; lastKnownFileType = sourcecode.c.h; path = SystemSettingViewController.h; sourceTree = "<group>"; };
		43E9060D1BE0B2CE00D3BE56 /* SystemSettingViewController.m */ = {isa = PBXFileReference; fileEncoding = 4; lastKnownFileType = sourcecode.c.objc; path = SystemSettingViewController.m; sourceTree = "<group>"; };
		43E9060E1BE0B2CE00D3BE56 /* SystemSettingViewController.xib */ = {isa = PBXFileReference; fileEncoding = 4; lastKnownFileType = file.xib; path = SystemSettingViewController.xib; sourceTree = "<group>"; };
		43E906121BE0C0D700D3BE56 /* beep1.mp3 */ = {isa = PBXFileReference; lastKnownFileType = audio.mp3; path = beep1.mp3; sourceTree = "<group>"; };
		43E906131BE0C0D700D3BE56 /* beep2.mp3 */ = {isa = PBXFileReference; lastKnownFileType = audio.mp3; path = beep2.mp3; sourceTree = "<group>"; };
		43F438C31BF5966800C71891 /* GoogleMobileAds.framework */ = {isa = PBXFileReference; lastKnownFileType = wrapper.framework; path = GoogleMobileAds.framework; sourceTree = "<group>"; };
		43F438C51BF5966800C71891 /* GADMAdNetworkAdapterProtocol.h */ = {isa = PBXFileReference; fileEncoding = 4; lastKnownFileType = sourcecode.c.h; path = GADMAdNetworkAdapterProtocol.h; sourceTree = "<group>"; };
		43F438C61BF5966800C71891 /* GADMAdNetworkConnectorProtocol.h */ = {isa = PBXFileReference; fileEncoding = 4; lastKnownFileType = sourcecode.c.h; path = GADMAdNetworkConnectorProtocol.h; sourceTree = "<group>"; };
		43F438C71BF5966800C71891 /* GADMEnums.h */ = {isa = PBXFileReference; fileEncoding = 4; lastKnownFileType = sourcecode.c.h; path = GADMEnums.h; sourceTree = "<group>"; };
		43F438C81BF5966800C71891 /* GADMRewardBasedVideoAdNetworkAdapterProtocol.h */ = {isa = PBXFileReference; fileEncoding = 4; lastKnownFileType = sourcecode.c.h; path = GADMRewardBasedVideoAdNetworkAdapterProtocol.h; sourceTree = "<group>"; };
		43F438C91BF5966800C71891 /* GADMRewardBasedVideoAdNetworkConnectorProtocol.h */ = {isa = PBXFileReference; fileEncoding = 4; lastKnownFileType = sourcecode.c.h; path = GADMRewardBasedVideoAdNetworkConnectorProtocol.h; sourceTree = "<group>"; };
		48FA01306EB5047D6B5E9DB0 /* libPods.a */ = {isa = PBXFileReference; explicitFileType = archive.ar; includeInIndex = 0; path = libPods.a; sourceTree = BUILT_PRODUCTS_DIR; };
		862861E90269CC8A95BFB954 /* Pods.release.xcconfig */ = {isa = PBXFileReference; includeInIndex = 1; lastKnownFileType = text.xcconfig; name = Pods.release.xcconfig; path = "Pods/Target Support Files/Pods/Pods.release.xcconfig"; sourceTree = "<group>"; };
		FF51569728A8CA84C56BE63B /* Pods.debug.xcconfig */ = {isa = PBXFileReference; includeInIndex = 1; lastKnownFileType = text.xcconfig; name = Pods.debug.xcconfig; path = "Pods/Target Support Files/Pods/Pods.debug.xcconfig"; sourceTree = "<group>"; };
/* End PBXFileReference section */

/* Begin PBXFrameworksBuildPhase section */
		437885AB1BDF74830001706A /* Frameworks */ = {
			isa = PBXFrameworksBuildPhase;
			buildActionMask = 2147483647;
			files = (
				43F438CA1BF5966800C71891 /* GoogleMobileAds.framework in Frameworks */,
				437885C91BDF74C40001706A /* iAd.framework in Frameworks */,
				E03DECEC49DCFC318F1F987E /* libPods.a in Frameworks */,
			);
			runOnlyForDeploymentPostprocessing = 0;
		};
/* End PBXFrameworksBuildPhase section */

/* Begin PBXGroup section */
		433DC7EB1C093398004E04F2 /* CERoundProgressView */ = {
			isa = PBXGroup;
			children = (
				433DC7EC1C093398004E04F2 /* CERoundProgressLayer.h */,
				433DC7ED1C093398004E04F2 /* CERoundProgressLayer.m */,
				433DC7EE1C093398004E04F2 /* CERoundProgressView.h */,
				433DC7EF1C093398004E04F2 /* CERoundProgressView.m */,
			);
			path = CERoundProgressView;
			sourceTree = "<group>";
		};
		43436B011BE210EC0058C36C /* Resources */ = {
			isa = PBXGroup;
			children = (
				43E906111BE0C0D700D3BE56 /* Sound */,
				437885BD1BDF74830001706A /* Assets.xcassets */,
				437885BF1BDF74830001706A /* LaunchScreen.storyboard */,
				43E906001BE0703500D3BE56 /* Localizable.strings */,
				437885C21BDF74830001706A /* Info.plist */,
			);
			name = Resources;
			sourceTree = "<group>";
		};
		437885A51BDF74830001706A = {
			isa = PBXGroup;
			children = (
				437885B01BDF74830001706A /* PlankTimer */,
				437885AF1BDF74830001706A /* Products */,
				43E905CF1BE0625E00D3BE56 /* ThirdParty */,
				A5549AFAD86EBB1A4156E61C /* Pods */,
				B2439BA216C4F8CB7884D27B /* Frameworks */,
			);
			sourceTree = "<group>";
		};
		437885AF1BDF74830001706A /* Products */ = {
			isa = PBXGroup;
			children = (
				437885AE1BDF74830001706A /* PlankTimer.app */,
			);
			name = Products;
			sourceTree = "<group>";
		};
		437885B01BDF74830001706A /* PlankTimer */ = {
			isa = PBXGroup;
			children = (
				43436B011BE210EC0058C36C /* Resources */,
				43E9053E1BE0601600D3BE56 /* Utilities */,
				43E904901BE0601500D3BE56 /* Router */,
				43E905001BE0601600D3BE56 /* UITableVIewCells */,
				43E904791BE0601500D3BE56 /* DataModel */,
				43E904971BE0601500D3BE56 /* SplashViewController */,
				437885B41BDF74830001706A /* AppDelegate.h */,
				437885B51BDF74830001706A /* AppDelegate.m */,
				437885B11BDF74830001706A /* Supporting Files */,
			);
			path = PlankTimer;
			sourceTree = "<group>";
		};
		437885B11BDF74830001706A /* Supporting Files */ = {
			isa = PBXGroup;
			children = (
				437885B21BDF74830001706A /* main.m */,
			);
			name = "Supporting Files";
			sourceTree = "<group>";
		};
		43E904791BE0601500D3BE56 /* DataModel */ = {
			isa = PBXGroup;
			children = (
				43E9047A1BE0601500D3BE56 /* ConstantVariables */,
				43E9047D1BE0601500D3BE56 /* ECContext */,
			);
			path = DataModel;
			sourceTree = "<group>";
		};
		43E9047A1BE0601500D3BE56 /* ConstantVariables */ = {
			isa = PBXGroup;
			children = (
				43E9047B1BE0601500D3BE56 /* ConstantVariables.h */,
				43E9047C1BE0601500D3BE56 /* ConstantVariables.m */,
			);
			path = ConstantVariables;
			sourceTree = "<group>";
		};
		43E9047D1BE0601500D3BE56 /* ECContext */ = {
			isa = PBXGroup;
			children = (
				43E9047E1BE0601500D3BE56 /* ECContext.h */,
				43E9047F1BE0601500D3BE56 /* ECContext.m */,
			);
			path = ECContext;
			sourceTree = "<group>";
		};
		43E904901BE0601500D3BE56 /* Router */ = {
			isa = PBXGroup;
			children = (
				43E904911BE0601500D3BE56 /* AppDelegateRouter */,
				43E904941BE0601500D3BE56 /* InitializationManager */,
			);
			path = Router;
			sourceTree = "<group>";
		};
		43E904911BE0601500D3BE56 /* AppDelegateRouter */ = {
			isa = PBXGroup;
			children = (
				43E904921BE0601500D3BE56 /* AppDelegateRouter.h */,
				43E904931BE0601500D3BE56 /* AppDelegateRouter.m */,
			);
			path = AppDelegateRouter;
			sourceTree = "<group>";
		};
		43E904941BE0601500D3BE56 /* InitializationManager */ = {
			isa = PBXGroup;
			children = (
				43E904951BE0601500D3BE56 /* InitializationManager.h */,
				43E904961BE0601500D3BE56 /* InitializationManager.m */,
			);
			path = InitializationManager;
			sourceTree = "<group>";
		};
		43E904971BE0601500D3BE56 /* SplashViewController */ = {
			isa = PBXGroup;
			children = (
				43E904981BE0601500D3BE56 /* SubViewControllers */,
				43E904FC1BE0601600D3BE56 /* UIViewController */,
			);
			path = SplashViewController;
			sourceTree = "<group>";
		};
		43E904981BE0601500D3BE56 /* SubViewControllers */ = {
			isa = PBXGroup;
			children = (
				43E904EA1BE0601600D3BE56 /* MainContentViewController */,
			);
			path = SubViewControllers;
			sourceTree = "<group>";
		};
		43E904EA1BE0601600D3BE56 /* MainContentViewController */ = {
			isa = PBXGroup;
			children = (
				43E9060A1BE0B2AA00D3BE56 /* SubViewControllers */,
				43E904F31BE0601600D3BE56 /* UIView */,
				43E904F81BE0601600D3BE56 /* UIViewController */,
			);
			path = MainContentViewController;
			sourceTree = "<group>";
		};
		43E904F31BE0601600D3BE56 /* UIView */ = {
			isa = PBXGroup;
			children = (
				43E906031BE0788700D3BE56 /* TimeLineView */,
			);
			path = UIView;
			sourceTree = "<group>";
		};
		43E904F81BE0601600D3BE56 /* UIViewController */ = {
			isa = PBXGroup;
			children = (
				43E904F91BE0601600D3BE56 /* MainContentViewController.h */,
				43E904FA1BE0601600D3BE56 /* MainContentViewController.m */,
				43E904FB1BE0601600D3BE56 /* MainContentViewController.xib */,
			);
			path = UIViewController;
			sourceTree = "<group>";
		};
		43E904FC1BE0601600D3BE56 /* UIViewController */ = {
			isa = PBXGroup;
			children = (
				43E904FD1BE0601600D3BE56 /* SplashViewController.h */,
				43E904FE1BE0601600D3BE56 /* SplashViewController.m */,
				43E904FF1BE0601600D3BE56 /* SplashViewController.xib */,
			);
			path = UIViewController;
			sourceTree = "<group>";
		};
		43E905001BE0601600D3BE56 /* UITableVIewCells */ = {
			isa = PBXGroup;
			children = (
				43E905011BE0601600D3BE56 /* IconHorizontalTableViewCell */,
				43E905051BE0601600D3BE56 /* SimpleHorizontalTableViewCell */,
				43E905091BE0601600D3BE56 /* SwitchTableViewCell */,
				43E9050D1BE0601600D3BE56 /* TextFieldWithButtonTableViewCell */,
				43E905111BE0601600D3BE56 /* TextFieldWithTipTableViewCell */,
			);
			path = UITableVIewCells;
			sourceTree = "<group>";
		};
		43E905011BE0601600D3BE56 /* IconHorizontalTableViewCell */ = {
			isa = PBXGroup;
			children = (
				43E905021BE0601600D3BE56 /* IconHorizontalTableViewCell.h */,
				43E905031BE0601600D3BE56 /* IconHorizontalTableViewCell.m */,
				43E905041BE0601600D3BE56 /* IconHorizontalTableViewCell.xib */,
			);
			path = IconHorizontalTableViewCell;
			sourceTree = "<group>";
		};
		43E905051BE0601600D3BE56 /* SimpleHorizontalTableViewCell */ = {
			isa = PBXGroup;
			children = (
				43E905061BE0601600D3BE56 /* SimpleHorizontalTableViewCell.h */,
				43E905071BE0601600D3BE56 /* SimpleHorizontalTableViewCell.m */,
				43E905081BE0601600D3BE56 /* SimpleHorizontalTableViewCell.xib */,
			);
			path = SimpleHorizontalTableViewCell;
			sourceTree = "<group>";
		};
		43E905091BE0601600D3BE56 /* SwitchTableViewCell */ = {
			isa = PBXGroup;
			children = (
				43E9050A1BE0601600D3BE56 /* SwitchTableViewCell.h */,
				43E9050B1BE0601600D3BE56 /* SwitchTableViewCell.m */,
				43E9050C1BE0601600D3BE56 /* SwitchTableViewCell.xib */,
			);
			path = SwitchTableViewCell;
			sourceTree = "<group>";
		};
		43E9050D1BE0601600D3BE56 /* TextFieldWithButtonTableViewCell */ = {
			isa = PBXGroup;
			children = (
				43E9050E1BE0601600D3BE56 /* TextFieldWithButtonTableViewCell.h */,
				43E9050F1BE0601600D3BE56 /* TextFieldWithButtonTableViewCell.m */,
				43E905101BE0601600D3BE56 /* TextFieldWithButtonTableViewCell.xib */,
			);
			path = TextFieldWithButtonTableViewCell;
			sourceTree = "<group>";
		};
		43E905111BE0601600D3BE56 /* TextFieldWithTipTableViewCell */ = {
			isa = PBXGroup;
			children = (
				43E905121BE0601600D3BE56 /* TextFieldWithTipTableViewCell.h */,
				43E905131BE0601600D3BE56 /* TextFieldWithTipTableViewCell.m */,
				43E905141BE0601600D3BE56 /* TextFieldWithTipTableViewCell.xib */,
			);
			path = TextFieldWithTipTableViewCell;
			sourceTree = "<group>";
		};
		43E9053E1BE0601600D3BE56 /* Utilities */ = {
			isa = PBXGroup;
			children = (
				43E9053F1BE0601600D3BE56 /* BasicUtility */,
				43E905481BE0601600D3BE56 /* Category */,
				43E905641BE0601600D3BE56 /* Encrypt */,
				43E905691BE0601600D3BE56 /* PersistentHelper */,
				43E9056C1BE0601600D3BE56 /* STUtilities.h */,
			);
			path = Utilities;
			sourceTree = "<group>";
		};
		43E9053F1BE0601600D3BE56 /* BasicUtility */ = {
			isa = PBXGroup;
			children = (
				43E905401BE0601600D3BE56 /* BasicUtility+BarButtonItem.h */,
				43E905411BE0601600D3BE56 /* BasicUtility+BarButtonItem.m */,
				43E905421BE0601600D3BE56 /* BasicUtility+ECUtility.h */,
				43E905431BE0601600D3BE56 /* BasicUtility+ECUtility.m */,
				43E905441BE0601600D3BE56 /* BasicUtility+TableView.h */,
				43E905451BE0601600D3BE56 /* BasicUtility+TableView.m */,
				43E905461BE0601600D3BE56 /* BasicUtility.h */,
				43E905471BE0601600D3BE56 /* BasicUtility.m */,
			);
			path = BasicUtility;
			sourceTree = "<group>";
		};
		43E905481BE0601600D3BE56 /* Category */ = {
			isa = PBXGroup;
			children = (
				43E905491BE0601600D3BE56 /* NSMutableAttributedString+ST.h */,
				43E9054A1BE0601600D3BE56 /* NSMutableAttributedString+ST.m */,
				43E9054B1BE0601600D3BE56 /* NSObject+ST.h */,
				43E9054C1BE0601600D3BE56 /* NSObject+ST.m */,
				43E9054D1BE0601600D3BE56 /* UIColor+ST.h */,
				43E9054E1BE0601600D3BE56 /* UIColor+ST.m */,
				43E9054F1BE0601600D3BE56 /* UITableViewCell+ST.h */,
				43E905501BE0601600D3BE56 /* UITableViewCell+ST.m */,
				43E905511BE0601600D3BE56 /* UIView+ST.h */,
				43E905521BE0601600D3BE56 /* UIView+ST.m */,
				43E905531BE0601600D3BE56 /* UIViewController+SplashView */,
			);
			path = Category;
			sourceTree = "<group>";
		};
		43E905531BE0601600D3BE56 /* UIViewController+SplashView */ = {
			isa = PBXGroup;
			children = (
				43E905541BE0601600D3BE56 /* LoadingSplashView */,
				43E905581BE0601600D3BE56 /* NoneDataView */,
				43E9055C1BE0601600D3BE56 /* SplashFailedView */,
				43E905601BE0601600D3BE56 /* SplashViewErrorFactory.h */,
				43E905611BE0601600D3BE56 /* SplashViewErrorFactory.m */,
				43E905621BE0601600D3BE56 /* UIViewController+SplashView.h */,
				43E905631BE0601600D3BE56 /* UIViewController+SplashView.m */,
			);
			path = "UIViewController+SplashView";
			sourceTree = "<group>";
		};
		43E905541BE0601600D3BE56 /* LoadingSplashView */ = {
			isa = PBXGroup;
			children = (
				43E905551BE0601600D3BE56 /* LoadingSplashView.h */,
				43E905561BE0601600D3BE56 /* LoadingSplashView.m */,
				43E905571BE0601600D3BE56 /* LoadingSplashView.xib */,
			);
			path = LoadingSplashView;
			sourceTree = "<group>";
		};
		43E905581BE0601600D3BE56 /* NoneDataView */ = {
			isa = PBXGroup;
			children = (
				43E905591BE0601600D3BE56 /* NoneDataView.h */,
				43E9055A1BE0601600D3BE56 /* NoneDataView.m */,
				43E9055B1BE0601600D3BE56 /* NoneDataView.xib */,
			);
			path = NoneDataView;
			sourceTree = "<group>";
		};
		43E9055C1BE0601600D3BE56 /* SplashFailedView */ = {
			isa = PBXGroup;
			children = (
				43E9055D1BE0601600D3BE56 /* SplashFailedView.h */,
				43E9055E1BE0601600D3BE56 /* SplashFailedView.m */,
				43E9055F1BE0601600D3BE56 /* SplashFailedView.xib */,
			);
			path = SplashFailedView;
			sourceTree = "<group>";
		};
		43E905641BE0601600D3BE56 /* Encrypt */ = {
			isa = PBXGroup;
			children = (
				43E905651BE0601600D3BE56 /* CryptHelper.cpp */,
				43E905661BE0601600D3BE56 /* CryptHelper.h */,
				43E905671BE0601600D3BE56 /* TNCryptor.h */,
				43E905681BE0601600D3BE56 /* TNCryptor.mm */,
			);
			path = Encrypt;
			sourceTree = "<group>";
		};
		43E905691BE0601600D3BE56 /* PersistentHelper */ = {
			isa = PBXGroup;
			children = (
				43E9056A1BE0601600D3BE56 /* PersistentHelper.h */,
				43E9056B1BE0601600D3BE56 /* PersistentHelper.m */,
			);
			path = PersistentHelper;
			sourceTree = "<group>";
		};
		43E905CF1BE0625E00D3BE56 /* ThirdParty */ = {
			isa = PBXGroup;
			children = (
				433DC7EB1C093398004E04F2 /* CERoundProgressView */,
				43F438C21BF5966800C71891 /* GoogleMobileAdsSdk */,
				43E905D21BE0625E00D3BE56 /* JSONKit */,
				43E905D81BE0625E00D3BE56 /* MJRefresh */,
			);
			path = ThirdParty;
			sourceTree = "<group>";
		};
		43E905D21BE0625E00D3BE56 /* JSONKit */ = {
			isa = PBXGroup;
			children = (
				43E905D31BE0625E00D3BE56 /* JSONKit.h */,
				43E905D41BE0625E00D3BE56 /* JSONKit.m */,
			);
			path = JSONKit;
			sourceTree = "<group>";
		};
		43E905D81BE0625E00D3BE56 /* MJRefresh */ = {
			isa = PBXGroup;
			children = (
				43E905D91BE0625E00D3BE56 /* MJRefresh.bundle */,
				43E905DA1BE0625E00D3BE56 /* MJRefresh.h */,
				43E905DB1BE0625E00D3BE56 /* MJRefreshComponent.h */,
				43E905DC1BE0625E00D3BE56 /* MJRefreshComponent.m */,
				43E905DD1BE0625E00D3BE56 /* MJRefreshConst.h */,
				43E905DE1BE0625E00D3BE56 /* MJRefreshConst.m */,
				43E905DF1BE0625E00D3BE56 /* MJRefreshFooter.h */,
				43E905E01BE0625E00D3BE56 /* MJRefreshFooter.m */,
				43E905E11BE0625E00D3BE56 /* MJRefreshGifFooter.h */,
				43E905E21BE0625E00D3BE56 /* MJRefreshGifFooter.m */,
				43E905E31BE0625E00D3BE56 /* MJRefreshGifHeader.h */,
				43E905E41BE0625E00D3BE56 /* MJRefreshGifHeader.m */,
				43E905E51BE0625E00D3BE56 /* MJRefreshHeader.h */,
				43E905E61BE0625E00D3BE56 /* MJRefreshHeader.m */,
				43E905E71BE0625E00D3BE56 /* MJRefreshLegendFooter.h */,
				43E905E81BE0625E00D3BE56 /* MJRefreshLegendFooter.m */,
				43E905E91BE0625E00D3BE56 /* MJRefreshLegendHeader.h */,
				43E905EA1BE0625E00D3BE56 /* MJRefreshLegendHeader.m */,
				43E905EB1BE0625E00D3BE56 /* UIScrollView+MJExtension.h */,
				43E905EC1BE0625E00D3BE56 /* UIScrollView+MJExtension.m */,
				43E905ED1BE0625E00D3BE56 /* UIScrollView+MJRefresh.h */,
				43E905EE1BE0625E00D3BE56 /* UIScrollView+MJRefresh.m */,
				43E905EF1BE0625E00D3BE56 /* UIView+MJExtension.h */,
				43E905F01BE0625E00D3BE56 /* UIView+MJExtension.m */,
			);
			path = MJRefresh;
			sourceTree = "<group>";
		};
		43E906031BE0788700D3BE56 /* TimeLineView */ = {
			isa = PBXGroup;
			children = (
				43E906041BE0789400D3BE56 /* TimeLineView.h */,
				43E906051BE0789400D3BE56 /* TimeLineView.m */,
				43E906071BE0789D00D3BE56 /* TimeLineView.xib */,
			);
			path = TimeLineView;
			sourceTree = "<group>";
		};
		43E9060A1BE0B2AA00D3BE56 /* SubViewControllers */ = {
			isa = PBXGroup;
			children = (
				43E9060B1BE0B2BC00D3BE56 /* SystemSettingViewController */,
			);
			path = SubViewControllers;
			sourceTree = "<group>";
		};
		43E9060B1BE0B2BC00D3BE56 /* SystemSettingViewController */ = {
			isa = PBXGroup;
			children = (
				43E9060C1BE0B2CE00D3BE56 /* SystemSettingViewController.h */,
				43E9060D1BE0B2CE00D3BE56 /* SystemSettingViewController.m */,
				43E9060E1BE0B2CE00D3BE56 /* SystemSettingViewController.xib */,
			);
			path = SystemSettingViewController;
			sourceTree = "<group>";
		};
		43E906111BE0C0D700D3BE56 /* Sound */ = {
			isa = PBXGroup;
			children = (
				43E906121BE0C0D700D3BE56 /* beep1.mp3 */,
				43E906131BE0C0D700D3BE56 /* beep2.mp3 */,
			);
			path = Sound;
			sourceTree = "<group>";
		};
		43F438C21BF5966800C71891 /* GoogleMobileAdsSdk */ = {
			isa = PBXGroup;
			children = (
				43F438C31BF5966800C71891 /* GoogleMobileAds.framework */,
				43F438C41BF5966800C71891 /* Mediation Adapters */,
			);
			path = GoogleMobileAdsSdk;
			sourceTree = "<group>";
		};
		43F438C41BF5966800C71891 /* Mediation Adapters */ = {
			isa = PBXGroup;
			children = (
				43F438C51BF5966800C71891 /* GADMAdNetworkAdapterProtocol.h */,
				43F438C61BF5966800C71891 /* GADMAdNetworkConnectorProtocol.h */,
				43F438C71BF5966800C71891 /* GADMEnums.h */,
				43F438C81BF5966800C71891 /* GADMRewardBasedVideoAdNetworkAdapterProtocol.h */,
				43F438C91BF5966800C71891 /* GADMRewardBasedVideoAdNetworkConnectorProtocol.h */,
			);
			path = "Mediation Adapters";
			sourceTree = "<group>";
		};
		A5549AFAD86EBB1A4156E61C /* Pods */ = {
			isa = PBXGroup;
			children = (
				FF51569728A8CA84C56BE63B /* Pods.debug.xcconfig */,
				862861E90269CC8A95BFB954 /* Pods.release.xcconfig */,
			);
			name = Pods;
			sourceTree = "<group>";
		};
		B2439BA216C4F8CB7884D27B /* Frameworks */ = {
			isa = PBXGroup;
			children = (
				437885C81BDF74C40001706A /* iAd.framework */,
				48FA01306EB5047D6B5E9DB0 /* libPods.a */,
			);
			name = Frameworks;
			sourceTree = "<group>";
		};
/* End PBXGroup section */

/* Begin PBXNativeTarget section */
		437885AD1BDF74830001706A /* PlankTimer */ = {
			isa = PBXNativeTarget;
			buildConfigurationList = 437885C51BDF74830001706A /* Build configuration list for PBXNativeTarget "PlankTimer" */;
			buildPhases = (
				F026EA0C85EFA12F4F4FEF8B /* Check Pods Manifest.lock */,
				437885AA1BDF74830001706A /* Sources */,
				437885AB1BDF74830001706A /* Frameworks */,
				437885AC1BDF74830001706A /* Resources */,
				29E5329F844F08A140184DDC /* Copy Pods Resources */,
			);
			buildRules = (
			);
			dependencies = (
			);
			name = PlankTimer;
			productName = PlankTimer;
			productReference = 437885AE1BDF74830001706A /* PlankTimer.app */;
			productType = "com.apple.product-type.application";
		};
/* End PBXNativeTarget section */

/* Begin PBXProject section */
		437885A61BDF74830001706A /* Project object */ = {
			isa = PBXProject;
			attributes = {
				LastUpgradeCheck = 0710;
				ORGANIZATIONNAME = "tscc-sola";
				TargetAttributes = {
					437885AD1BDF74830001706A = {
						CreatedOnToolsVersion = 7.1;
						DevelopmentTeam = EJU9F8QYUJ;
					};
				};
			};
			buildConfigurationList = 437885A91BDF74830001706A /* Build configuration list for PBXProject "PlankTimer" */;
			compatibilityVersion = "Xcode 3.2";
			developmentRegion = English;
			hasScannedForEncodings = 0;
			knownRegions = (
				en,
				Base,
			);
			mainGroup = 437885A51BDF74830001706A;
			productRefGroup = 437885AF1BDF74830001706A /* Products */;
			projectDirPath = "";
			projectRoot = "";
			targets = (
				437885AD1BDF74830001706A /* PlankTimer */,
			);
		};
/* End PBXProject section */

/* Begin PBXResourcesBuildPhase section */
		437885AC1BDF74830001706A /* Resources */ = {
			isa = PBXResourcesBuildPhase;
			buildActionMask = 2147483647;
			files = (
				43E905C91BE0601600D3BE56 /* SplashFailedView.xib in Resources */,
				43E906101BE0B2CE00D3BE56 /* SystemSettingViewController.xib in Resources */,
				43E906021BE0703500D3BE56 /* Localizable.strings in Resources */,
				43E906081BE0789D00D3BE56 /* TimeLineView.xib in Resources */,
				43E905F41BE0625E00D3BE56 /* MJRefresh.bundle in Resources */,
				43E906141BE0C0D700D3BE56 /* beep1.mp3 in Resources */,
				43E9059E1BE0601600D3BE56 /* MainContentViewController.xib in Resources */,
				43E905A41BE0601600D3BE56 /* SimpleHorizontalTableViewCell.xib in Resources */,
				43E905A21BE0601600D3BE56 /* IconHorizontalTableViewCell.xib in Resources */,
				437885C11BDF74830001706A /* LaunchScreen.storyboard in Resources */,
				43E906151BE0C0D700D3BE56 /* beep2.mp3 in Resources */,
				437885BE1BDF74830001706A /* Assets.xcassets in Resources */,
				43E905A81BE0601600D3BE56 /* TextFieldWithButtonTableViewCell.xib in Resources */,
				43E905AA1BE0601600D3BE56 /* TextFieldWithTipTableViewCell.xib in Resources */,
				43E905C71BE0601600D3BE56 /* NoneDataView.xib in Resources */,
				43E905A01BE0601600D3BE56 /* SplashViewController.xib in Resources */,
				43E905C51BE0601600D3BE56 /* LoadingSplashView.xib in Resources */,
				43E905A61BE0601600D3BE56 /* SwitchTableViewCell.xib in Resources */,
			);
			runOnlyForDeploymentPostprocessing = 0;
		};
/* End PBXResourcesBuildPhase section */

/* Begin PBXShellScriptBuildPhase section */
		29E5329F844F08A140184DDC /* Copy Pods Resources */ = {
			isa = PBXShellScriptBuildPhase;
			buildActionMask = 2147483647;
			files = (
			);
			inputPaths = (
			);
			name = "Copy Pods Resources";
			outputPaths = (
			);
			runOnlyForDeploymentPostprocessing = 0;
			shellPath = /bin/sh;
			shellScript = "\"${SRCROOT}/Pods/Target Support Files/Pods/Pods-resources.sh\"\n";
			showEnvVarsInLog = 0;
		};
		F026EA0C85EFA12F4F4FEF8B /* Check Pods Manifest.lock */ = {
			isa = PBXShellScriptBuildPhase;
			buildActionMask = 2147483647;
			files = (
			);
			inputPaths = (
			);
			name = "Check Pods Manifest.lock";
			outputPaths = (
			);
			runOnlyForDeploymentPostprocessing = 0;
			shellPath = /bin/sh;
			shellScript = "diff \"${PODS_ROOT}/../Podfile.lock\" \"${PODS_ROOT}/Manifest.lock\" > /dev/null\nif [[ $? != 0 ]] ; then\n    cat << EOM\nerror: The sandbox is not in sync with the Podfile.lock. Run 'pod install' or update your CocoaPods installation.\nEOM\n    exit 1\nfi\n";
			showEnvVarsInLog = 0;
		};
/* End PBXShellScriptBuildPhase section */

/* Begin PBXSourcesBuildPhase section */
		437885AA1BDF74830001706A /* Sources */ = {
			isa = PBXSourcesBuildPhase;
			buildActionMask = 2147483647;
			files = (
				43E905F91BE0625E00D3BE56 /* MJRefreshGifHeader.m in Sources */,
				43E905C41BE0601600D3BE56 /* LoadingSplashView.m in Sources */,
				43E905CD1BE0601600D3BE56 /* TNCryptor.mm in Sources */,
				43E905FE1BE0625E00D3BE56 /* UIScrollView+MJRefresh.m in Sources */,
				43E905CA1BE0601600D3BE56 /* SplashViewErrorFactory.m in Sources */,
				43E905C61BE0601600D3BE56 /* NoneDataView.m in Sources */,
				43E905F51BE0625E00D3BE56 /* MJRefreshComponent.m in Sources */,
				43E905A71BE0601600D3BE56 /* TextFieldWithButtonTableViewCell.m in Sources */,
				43E906061BE0789400D3BE56 /* TimeLineView.m in Sources */,
				43E905C11BE0601600D3BE56 /* UIColor+ST.m in Sources */,
				43E905F61BE0625E00D3BE56 /* MJRefreshConst.m in Sources */,
				43E905BE1BE0601600D3BE56 /* BasicUtility.m in Sources */,
				43E905BC1BE0601600D3BE56 /* BasicUtility+ECUtility.m in Sources */,
				43E905CE1BE0601600D3BE56 /* PersistentHelper.m in Sources */,
				43E905A91BE0601600D3BE56 /* TextFieldWithTipTableViewCell.m in Sources */,
				43E905A31BE0601600D3BE56 /* SimpleHorizontalTableViewCell.m in Sources */,
				43E9059D1BE0601600D3BE56 /* MainContentViewController.m in Sources */,
				43E905FC1BE0625E00D3BE56 /* MJRefreshLegendHeader.m in Sources */,
				43E905BD1BE0601600D3BE56 /* BasicUtility+TableView.m in Sources */,
				43E905FD1BE0625E00D3BE56 /* UIScrollView+MJExtension.m in Sources */,
				43E905BB1BE0601600D3BE56 /* BasicUtility+BarButtonItem.m in Sources */,
				43E9060F1BE0B2CE00D3BE56 /* SystemSettingViewController.m in Sources */,
				43E9056E1BE0601600D3BE56 /* ECContext.m in Sources */,
				43E905C31BE0601600D3BE56 /* UIView+ST.m in Sources */,
				43E905F21BE0625E00D3BE56 /* JSONKit.m in Sources */,
				43E9059F1BE0601600D3BE56 /* SplashViewController.m in Sources */,
				433DC7F01C093398004E04F2 /* CERoundProgressLayer.m in Sources */,
				43E905FB1BE0625E00D3BE56 /* MJRefreshLegendFooter.m in Sources */,
				43E905A51BE0601600D3BE56 /* SwitchTableViewCell.m in Sources */,
				43E905FF1BE0625E00D3BE56 /* UIView+MJExtension.m in Sources */,
				43E905A11BE0601600D3BE56 /* IconHorizontalTableViewCell.m in Sources */,
				43E905C21BE0601600D3BE56 /* UITableViewCell+ST.m in Sources */,
				433DC7F11C093398004E04F2 /* CERoundProgressView.m in Sources */,
				43E905F81BE0625E00D3BE56 /* MJRefreshGifFooter.m in Sources */,
				43E905751BE0601600D3BE56 /* AppDelegateRouter.m in Sources */,
				43E905761BE0601600D3BE56 /* InitializationManager.m in Sources */,
				43E9056D1BE0601600D3BE56 /* ConstantVariables.m in Sources */,
				437885B61BDF74830001706A /* AppDelegate.m in Sources */,
				43E905CC1BE0601600D3BE56 /* CryptHelper.cpp in Sources */,
				43E905CB1BE0601600D3BE56 /* UIViewController+SplashView.m in Sources */,
				43E905C81BE0601600D3BE56 /* SplashFailedView.m in Sources */,
				43E905FA1BE0625E00D3BE56 /* MJRefreshHeader.m in Sources */,
				437885B31BDF74830001706A /* main.m in Sources */,
				43E905BF1BE0601600D3BE56 /* NSMutableAttributedString+ST.m in Sources */,
				43E905C01BE0601600D3BE56 /* NSObject+ST.m in Sources */,
				43E905F71BE0625E00D3BE56 /* MJRefreshFooter.m in Sources */,
			);
			runOnlyForDeploymentPostprocessing = 0;
		};
/* End PBXSourcesBuildPhase section */

/* Begin PBXVariantGroup section */
		437885BF1BDF74830001706A /* LaunchScreen.storyboard */ = {
			isa = PBXVariantGroup;
			children = (
				437885C01BDF74830001706A /* Base */,
			);
			name = LaunchScreen.storyboard;
			sourceTree = "<group>";
		};
		43E906001BE0703500D3BE56 /* Localizable.strings */ = {
			isa = PBXVariantGroup;
			children = (
				43E906011BE0703500D3BE56 /* Base */,
			);
			name = Localizable.strings;
			sourceTree = "<group>";
		};
/* End PBXVariantGroup section */

/* Begin XCBuildConfiguration section */
		437885C31BDF74830001706A /* Debug */ = {
			isa = XCBuildConfiguration;
			buildSettings = {
				ALWAYS_SEARCH_USER_PATHS = NO;
				CLANG_CXX_LANGUAGE_STANDARD = "gnu++0x";
				CLANG_CXX_LIBRARY = "libc++";
				CLANG_ENABLE_MODULES = YES;
				CLANG_ENABLE_OBJC_ARC = YES;
				CLANG_WARN_BOOL_CONVERSION = YES;
				CLANG_WARN_CONSTANT_CONVERSION = YES;
				CLANG_WARN_DIRECT_OBJC_ISA_USAGE = YES_ERROR;
				CLANG_WARN_EMPTY_BODY = YES;
				CLANG_WARN_ENUM_CONVERSION = YES;
				CLANG_WARN_INT_CONVERSION = YES;
				CLANG_WARN_OBJC_ROOT_CLASS = YES_ERROR;
				CLANG_WARN_UNREACHABLE_CODE = YES;
				CLANG_WARN__DUPLICATE_METHOD_MATCH = YES;
				"CODE_SIGN_IDENTITY[sdk=iphoneos*]" = "iPhone Developer";
				COPY_PHASE_STRIP = NO;
				DEBUG_INFORMATION_FORMAT = dwarf;
				ENABLE_STRICT_OBJC_MSGSEND = YES;
				ENABLE_TESTABILITY = YES;
				GCC_C_LANGUAGE_STANDARD = gnu99;
				GCC_DYNAMIC_NO_PIC = NO;
				GCC_NO_COMMON_BLOCKS = YES;
				GCC_OPTIMIZATION_LEVEL = 0;
				GCC_PREPROCESSOR_DEFINITIONS = (
					"DEBUG=1",
					"$(inherited)",
				);
				GCC_WARN_64_TO_32_BIT_CONVERSION = YES;
				GCC_WARN_ABOUT_RETURN_TYPE = YES_ERROR;
				GCC_WARN_UNDECLARED_SELECTOR = YES;
				GCC_WARN_UNINITIALIZED_AUTOS = YES_AGGRESSIVE;
				GCC_WARN_UNUSED_FUNCTION = YES;
				GCC_WARN_UNUSED_VARIABLE = YES;
				IPHONEOS_DEPLOYMENT_TARGET = 9.1;
				MTL_ENABLE_DEBUG_INFO = YES;
				ONLY_ACTIVE_ARCH = YES;
				SDKROOT = iphoneos;
			};
			name = Debug;
		};
		437885C41BDF74830001706A /* Release */ = {
			isa = XCBuildConfiguration;
			buildSettings = {
				ALWAYS_SEARCH_USER_PATHS = NO;
				CLANG_CXX_LANGUAGE_STANDARD = "gnu++0x";
				CLANG_CXX_LIBRARY = "libc++";
				CLANG_ENABLE_MODULES = YES;
				CLANG_ENABLE_OBJC_ARC = YES;
				CLANG_WARN_BOOL_CONVERSION = YES;
				CLANG_WARN_CONSTANT_CONVERSION = YES;
				CLANG_WARN_DIRECT_OBJC_ISA_USAGE = YES_ERROR;
				CLANG_WARN_EMPTY_BODY = YES;
				CLANG_WARN_ENUM_CONVERSION = YES;
				CLANG_WARN_INT_CONVERSION = YES;
				CLANG_WARN_OBJC_ROOT_CLASS = YES_ERROR;
				CLANG_WARN_UNREACHABLE_CODE = YES;
				CLANG_WARN__DUPLICATE_METHOD_MATCH = YES;
				"CODE_SIGN_IDENTITY[sdk=iphoneos*]" = "iPhone Developer";
				COPY_PHASE_STRIP = NO;
				DEBUG_INFORMATION_FORMAT = "dwarf-with-dsym";
				ENABLE_NS_ASSERTIONS = NO;
				ENABLE_STRICT_OBJC_MSGSEND = YES;
				GCC_C_LANGUAGE_STANDARD = gnu99;
				GCC_NO_COMMON_BLOCKS = YES;
				GCC_WARN_64_TO_32_BIT_CONVERSION = YES;
				GCC_WARN_ABOUT_RETURN_TYPE = YES_ERROR;
				GCC_WARN_UNDECLARED_SELECTOR = YES;
				GCC_WARN_UNINITIALIZED_AUTOS = YES_AGGRESSIVE;
				GCC_WARN_UNUSED_FUNCTION = YES;
				GCC_WARN_UNUSED_VARIABLE = YES;
				IPHONEOS_DEPLOYMENT_TARGET = 9.1;
				MTL_ENABLE_DEBUG_INFO = NO;
				SDKROOT = iphoneos;
				VALIDATE_PRODUCT = YES;
			};
			name = Release;
		};
		437885C61BDF74830001706A /* Debug */ = {
			isa = XCBuildConfiguration;
			baseConfigurationReference = FF51569728A8CA84C56BE63B /* Pods.debug.xcconfig */;
			buildSettings = {
				ASSETCATALOG_COMPILER_APPICON_NAME = AppIcon;
				ASSETCATALOG_COMPILER_LAUNCHIMAGE_NAME = LaunchImage;
				CODE_SIGN_IDENTITY = "iPhone Developer";
				ENABLE_BITCODE = NO;
				FRAMEWORK_SEARCH_PATHS = (
					"$(inherited)",
					"$(PROJECT_DIR)/ThirdParty/GoogleMobileAdsSdk",
				);
				INFOPLIST_FILE = PlankTimer/Info.plist;
				IPHONEOS_DEPLOYMENT_TARGET = 7.0;
				LD_RUNPATH_SEARCH_PATHS = "$(inherited) @executable_path/Frameworks";
				LIBRARY_SEARCH_PATHS = "$(inherited)";
				PRODUCT_BUNDLE_IDENTIFIER = "com.tscc-sola.PlankTimer";
				PRODUCT_NAME = "$(TARGET_NAME)";
			};
			name = Debug;
		};
		437885C71BDF74830001706A /* Release */ = {
			isa = XCBuildConfiguration;
			baseConfigurationReference = 862861E90269CC8A95BFB954 /* Pods.release.xcconfig */;
			buildSettings = {
				ASSETCATALOG_COMPILER_APPICON_NAME = AppIcon;
				ASSETCATALOG_COMPILER_LAUNCHIMAGE_NAME = LaunchImage;
				CODE_SIGN_IDENTITY = "iPhone Developer";
				ENABLE_BITCODE = NO;
				FRAMEWORK_SEARCH_PATHS = (
					"$(inherited)",
					"$(PROJECT_DIR)/ThirdParty/GoogleMobileAdsSdk",
				);
				INFOPLIST_FILE = PlankTimer/Info.plist;
				IPHONEOS_DEPLOYMENT_TARGET = 7.0;
				LD_RUNPATH_SEARCH_PATHS = "$(inherited) @executable_path/Frameworks";
				LIBRARY_SEARCH_PATHS = "$(inherited)";
				PRODUCT_BUNDLE_IDENTIFIER = "com.tscc-sola.PlankTimer";
				PRODUCT_NAME = "$(TARGET_NAME)";
			};
			name = Release;
		};
/* End XCBuildConfiguration section */

/* Begin XCConfigurationList section */
		437885A91BDF74830001706A /* Build configuration list for PBXProject "PlankTimer" */ = {
			isa = XCConfigurationList;
			buildConfigurations = (
				437885C31BDF74830001706A /* Debug */,
				437885C41BDF74830001706A /* Release */,
			);
			defaultConfigurationIsVisible = 0;
			defaultConfigurationName = Release;
		};
		437885C51BDF74830001706A /* Build configuration list for PBXNativeTarget "PlankTimer" */ = {
			isa = XCConfigurationList;
			buildConfigurations = (
				437885C61BDF74830001706A /* Debug */,
				437885C71BDF74830001706A /* Release */,
			);
			defaultConfigurationIsVisible = 0;
			defaultConfigurationName = Release;
		};
/* End XCConfigurationList section */
	};
	rootObject = 437885A61BDF74830001706A /* Project object */;
}
